Microsoft Visual Studio Solution File, Format Version 11.00
# Visual Studio 2008

Project("{CD8617AC-0D7A-1E6A-4D69-44DDD6DDBE5E}") = "Field-2", "Assembly-CSharp.csproj", "{A8A6C0C5-4034-38B1-66A7-FE4065FAB41B}"
EndProject
Global
	GlobalSection(SolutionConfigurationPlatforms) = preSolution
		Debug|Any CPU = Debug|Any CPU
		Release|Any CPU = Release|Any CPU
	EndGlobalSection
	GlobalSection(ProjectConfigurationPlatforms) = postSolution
		{A8A6C0C5-4034-38B1-66A7-FE4065FAB41B}.Debug|Any CPU.ActiveCfg = Debug|Any CPU
		{A8A6C0C5-4034-38B1-66A7-FE4065FAB41B}.Debug|Any CPU.Build.0 = Debug|Any CPU
		{A8A6C0C5-4034-38B1-66A7-FE4065FAB41B}.Release|Any CPU.ActiveCfg = Release|Any CPU
		{A8A6C0C5-4034-38B1-66A7-FE4065FAB41B}.Release|Any CPU.Build.0 = Release|Any CPU
	EndGlobalSection
	GlobalSection(SolutionProperties) = preSolution
		HideSolutionNode = FALSE
	EndGlobalSection
	GlobalSection(MonoDevelopProperties) = preSolution
		StartupItem = Assembly-CSharp.csproj
	EndGlobalSection
EndGlobal
